# THIS IS AN AUTOGENERATED FILE. DO NOT EDIT THIS FILE DIRECTLY.
# yarn lockfile v1


"@angular/common@2.0.0":
  version "2.0.0"
  resolved "https://registry.npmjs.org/@angular/common/-/common-2.0.0.tgz#6d5b38cef8bec69726590f395da10c2d89146247"

"@angular/compiler@2.0.0":
  version "2.0.0"
  resolved "https://registry.npmjs.org/@angular/compiler/-/compiler-2.0.0.tgz#724e7c68ac177aa933aa75a6b4cb11e5aa795d2c"

"@angular/core@2.0.0":
  version "2.0.0"
  resolved "https://registry.npmjs.org/@angular/core/-/core-2.0.0.tgz#87b5ea4a7ae063d27bcf2332a4aa932d887abe2b"

"@angular/forms@2.0.0":
  version "2.0.0"
  resolved "https://registry.npmjs.org/@angular/forms/-/forms-2.0.0.tgz#4f472223f61aec49f27575ef49b0d6cac3be1e31"

"@angular/http@2.0.0":
  version "2.0.0"
  resolved "https://registry.npmjs.org/@angular/http/-/http-2.0.0.tgz#ee3206cd1683581dd57dabba93c0e23af19b4732"

"@angular/platform-browser-dynamic@2.0.0":
  version "2.0.0"
  resolved "https://registry.npmjs.org/@angular/platform-browser-dynamic/-/platform-browser-dynamic-2.0.0.tgz#2ee3f2bb08b4864902c5b7c283f77863c89d8715"

"@angular/platform-browser@2.0.0":
  version "2.0.0"
  resolved "https://registry.npmjs.org/@angular/platform-browser/-/platform-browser-2.0.0.tgz#7f8603be42511d3133e95888a1b5c5132fc89c46"

"@angular/router@3.0.0":
  version "3.0.0"
  resolved "https://registry.npmjs.org/@angular/router/-/router-3.0.0.tgz#cdf91b3a5d85ad39aff4fd882455c9b8c3129cd9"

"@angular/upgrade@2.0.0":
  version "2.0.0"
  resolved "https://registry.npmjs.org/@angular/upgrade/-/upgrade-2.0.0.tgz#6d2c0071e55f57ca1eff683758626d7ef6cdbee0"

abbrev@1:
  version "1.1.1"
  resolved "https://registry.npmjs.org/abbrev/-/abbrev-1.1.1.tgz#f8f2c887ad10bf67f634f005b6987fed3179aac8"

agent-base@2:
  version "2.1.1"
  resolved "https://registry.npmjs.org/agent-base/-/agent-base-2.1.1.tgz#d6de10d5af6132d5bd692427d46fc538539094c7"
  dependencies:
    extend "~3.0.0"
    semver "~5.0.1"

angular2-in-memory-web-api@0.0.20:
  version "0.0.20"
  resolved "https://registry.npmjs.org/angular2-in-memory-web-api/-/angular2-in-memory-web-api-0.0.20.tgz#d7dd822c668a9788f18634e9acf6740daa70f67a"

ansi-align@^1.1.0:
  version "1.1.0"
  resolved "https://registry.npmjs.org/ansi-align/-/ansi-align-1.1.0.tgz#2f0c1658829739add5ebb15e6b0c6e3423f016ba"
  dependencies:
    string-width "^1.0.1"

ansi-regex@^2.0.0:
  version "2.1.1"
  resolved "https://registry.npmjs.org/ansi-regex/-/ansi-regex-2.1.1.tgz#c3b33ab5ee360d86e0e628f0468ae7ef27d654df"

ansi-styles@^2.2.1:
  version "2.2.1"
  resolved "https://registry.npmjs.org/ansi-styles/-/ansi-styles-2.2.1.tgz#b432dd3358b634cf75e1e4664368240533c1ddbe"

any-promise@^1.0.0, any-promise@^1.1.0, any-promise@^1.3.0:
  version "1.3.0"
  resolved "https://registry.npmjs.org/any-promise/-/any-promise-1.3.0.tgz#abc6afeedcea52e809cdc0376aed3ce39635d17f"

archy@^1.0.0:
  version "1.0.0"
  resolved "https://registry.npmjs.org/archy/-/archy-1.0.0.tgz#f9c8c13757cc1dd7bc379ac77b2c62a5c2868c40"

array-uniq@^1.0.2:
  version "1.0.3"
  resolved "https://registry.npmjs.org/array-uniq/-/array-uniq-1.0.3.tgz#af6ac877a25cc7f74e058894753858dfdb24fdb6"

arrify@^1.0.0:
  version "1.0.1"
  resolved "https://registry.npmjs.org/arrify/-/arrify-1.0.1.tgz#898508da2226f380df904728456849c1501a4b0d"

asynckit@^0.4.0:
  version "0.4.0"
  resolved "https://registry.npmjs.org/asynckit/-/asynckit-0.4.0.tgz#c79ed97f7f34cb8f2ba1bc9790bcc366474b4b79"

balanced-match@^1.0.0:
  version "1.0.0"
  resolved "https://registry.npmjs.org/balanced-match/-/balanced-match-1.0.0.tgz#89b4d199ab2bee49de164ea02b89ce462d71b767"

bluebird@^3.1.1:
  version "3.5.1"
  resolved "https://registry.npmjs.org/bluebird/-/bluebird-3.5.1.tgz#d9551f9de98f1fcda1e683d17ee91a0602ee2eb9"

bootstrap@3.3.6:
  version "3.3.6"
  resolved "https://registry.npmjs.org/bootstrap/-/bootstrap-3.3.6.tgz#8de8f749dc8a743f2ac5b510d988371e3daa6589"

boxen@^0.6.0:
  version "0.6.0"
  resolved "https://registry.npmjs.org/boxen/-/boxen-0.6.0.tgz#8364d4248ac34ff0ef1b2f2bf49a6c60ce0d81b6"
  dependencies:
    ansi-align "^1.1.0"
    camelcase "^2.1.0"
    chalk "^1.1.1"
    cli-boxes "^1.0.0"
    filled-array "^1.0.0"
    object-assign "^4.0.1"
    repeating "^2.0.0"
    string-width "^1.0.1"
    widest-line "^1.0.0"

brace-expansion@^1.1.7:
  version "1.1.9"
  resolved "https://registry.npmjs.org/brace-expansion/-/brace-expansion-1.1.9.tgz#acdc7dde0e939fb3b32fe933336573e2a7dc2b7c"
  dependencies:
    balanced-match "^1.0.0"
    concat-map "0.0.1"

camelcase@^2.1.0:
  version "2.1.1"
  resolved "https://registry.npmjs.org/camelcase/-/camelcase-2.1.1.tgz#7c1d16d679a1bbe59ca02cacecfb011e201f5a1f"

capture-stack-trace@^1.0.0:
  version "1.0.0"
  resolved "https://registry.npmjs.org/capture-stack-trace/-/capture-stack-trace-1.0.0.tgz#4a6fa07399c26bba47f0b2496b4d0fb408c5550d"

chalk@^1.0.0, chalk@^1.1.1:
  version "1.1.3"
  resolved "https://registry.npmjs.org/chalk/-/chalk-1.1.3.tgz#a8115c55e4a702fe4d150abd3872822a7e09fc98"
  dependencies:
    ansi-styles "^2.2.1"
    escape-string-regexp "^1.0.2"
    has-ansi "^2.0.0"
    strip-ansi "^3.0.0"
    supports-color "^2.0.0"

cli-boxes@^1.0.0:
  version "1.0.0"
  resolved "https://registry.npmjs.org/cli-boxes/-/cli-boxes-1.0.0.tgz#4fa917c3e59c94a004cd61f8ee509da651687143"

clone@^1.0.2:
  version "1.0.3"
  resolved "https://registry.npmjs.org/clone/-/clone-1.0.3.tgz#298d7e2231660f40c003c2ed3140decf3f53085f"

code-point-at@^1.0.0:
  version "1.1.0"
  resolved "https://registry.npmjs.org/code-point-at/-/code-point-at-1.1.0.tgz#0d070b4d043a5bea33a2f1a40e2edb3d9a4ccf77"

columnify@^1.5.2:
  version "1.5.4"
  resolved "https://registry.npmjs.org/columnify/-/columnify-1.5.4.tgz#4737ddf1c7b69a8a7c340570782e947eec8e78bb"
  dependencies:
    strip-ansi "^3.0.0"
    wcwidth "^1.0.0"

combined-stream@^1.0.5:
  version "1.0.5"
  resolved "https://registry.npmjs.org/combined-stream/-/combined-stream-1.0.5.tgz#938370a57b4a51dea2c77c15d5c5fdf895164009"
  dependencies:
    delayed-stream "~1.0.0"

concat-map@0.0.1:
  version "0.0.1"
  resolved "https://registry.npmjs.org/concat-map/-/concat-map-0.0.1.tgz#d8a96bd77fd68df7793a73036a3ba0d5405d477b"

concat-stream@^1.4.7:
  version "1.6.0"
  resolved "https://registry.npmjs.org/concat-stream/-/concat-stream-1.6.0.tgz#0aac662fd52be78964d5532f694784e70110acf7"
  dependencies:
    inherits "^2.0.3"
    readable-stream "^2.2.2"
    typedarray "^0.0.6"

configstore@^2.0.0:
  version "2.1.0"
  resolved "https://registry.npmjs.org/configstore/-/configstore-2.1.0.tgz#737a3a7036e9886102aa6099e47bb33ab1aba1a1"
  dependencies:
    dot-prop "^3.0.0"
    graceful-fs "^4.1.2"
    mkdirp "^0.5.0"
    object-assign "^4.0.1"
    os-tmpdir "^1.0.0"
    osenv "^0.1.0"
    uuid "^2.0.1"
    write-file-atomic "^1.1.2"
    xdg-basedir "^2.0.0"

core-js@2.4.1:
  version "2.4.1"
  resolved "https://registry.npmjs.org/core-js/-/core-js-2.4.1.tgz#4de911e667b0eae9124e34254b53aea6fc618d3e"

core-util-is@~1.0.0:
  version "1.0.2"
  resolved "https://registry.npmjs.org/core-util-is/-/core-util-is-1.0.2.tgz#b5fd54220aa2bc5ab57aab7140c940754503c1a7"

create-error-class@^3.0.1:
  version "3.0.2"
  resolved "https://registry.npmjs.org/create-error-class/-/create-error-class-3.0.2.tgz#06be7abef947a3f14a30fd610671d401bca8b7b6"
  dependencies:
    capture-stack-trace "^1.0.0"

debug@2, debug@^2.2.0:
  version "2.6.9"
  resolved "https://registry.npmjs.org/debug/-/debug-2.6.9.tgz#5d128515df134ff327e90a4c93f4e077a536341f"
  dependencies:
    ms "2.0.0"

deep-extend@~0.4.0:
  version "0.4.2"
  resolved "https://registry.npmjs.org/deep-extend/-/deep-extend-0.4.2.tgz#48b699c27e334bf89f10892be432f6e4c7d34a7f"

defaults@^1.0.3:
  version "1.0.3"
  resolved "https://registry.npmjs.org/defaults/-/defaults-1.0.3.tgz#c656051e9817d9ff08ed881477f3fe4019f3ef7d"
  dependencies:
    clone "^1.0.2"

delayed-stream@~1.0.0:
  version "1.0.0"
  resolved "https://registry.npmjs.org/delayed-stream/-/delayed-stream-1.0.0.tgz#df3ae199acadfb7d440aaae0b29e2272b24ec619"

detect-indent@^4.0.0:
  version "4.0.0"
  resolved "https://registry.npmjs.org/detect-indent/-/detect-indent-4.0.0.tgz#f76d064352cdf43a1cb6ce619c4ee3a9475de208"
  dependencies:
    repeating "^2.0.0"

dot-prop@^3.0.0:
  version "3.0.0"
  resolved "https://registry.npmjs.org/dot-prop/-/dot-prop-3.0.0.tgz#1b708af094a49c9a0e7dbcad790aba539dac1177"
  dependencies:
    is-obj "^1.0.0"

duplexer2@^0.1.4:
  version "0.1.4"
  resolved "https://registry.npmjs.org/duplexer2/-/duplexer2-0.1.4.tgz#8b12dab878c0d69e3e7891051662a32fc6bddcc1"
  dependencies:
    readable-stream "^2.0.2"

error-ex@^1.2.0:
  version "1.3.1"
  resolved "https://registry.npmjs.org/error-ex/-/error-ex-1.3.1.tgz#f855a86ce61adc4e8621c3cda21e7a7612c3a8dc"
  dependencies:
    is-arrayish "^0.2.1"

escape-string-regexp@^1.0.2:
  version "1.0.5"
  resolved "https://registry.npmjs.org/escape-string-regexp/-/escape-string-regexp-1.0.5.tgz#1b61c0562190a8dff6ae3bb2cf0200ca130b86d4"

extend@3, extend@~3.0.0:
  version "3.0.1"
  resolved "https://registry.npmjs.org/extend/-/extend-3.0.1.tgz#a755ea7bc1adfcc5a31ce7e762dbaadc5e636444"

filled-array@^1.0.0:
  version "1.1.0"
  resolved "https://registry.npmjs.org/filled-array/-/filled-array-1.1.0.tgz#c3c4f6c663b923459a9aa29912d2d031f1507f84"

form-data@^2.0.0:
  version "2.3.1"
  resolved "https://registry.npmjs.org/form-data/-/form-data-2.3.1.tgz#6fb94fbd71885306d73d15cc497fe4cc4ecd44bf"
  dependencies:
    asynckit "^0.4.0"
    combined-stream "^1.0.5"
    mime-types "^2.1.12"

fs.realpath@^1.0.0:
  version "1.0.0"
  resolved "https://registry.npmjs.org/fs.realpath/-/fs.realpath-1.0.0.tgz#1504ad2523158caa40db4a2787cb01411994ea4f"

function-bind@^1.0.2:
  version "1.1.1"
  resolved "https://registry.npmjs.org/function-bind/-/function-bind-1.1.1.tgz#a56899d3ea3c9bab874bb9773b7c5ede92f4895d"

glob@^7.0.5:
  version "7.1.2"
  resolved "https://registry.npmjs.org/glob/-/glob-7.1.2.tgz#c19c9df9a028702d678612384a6552404c636d15"
  dependencies:
    fs.realpath "^1.0.0"
    inflight "^1.0.4"
    inherits "2"
    minimatch "^3.0.4"
    once "^1.3.0"
    path-is-absolute "^1.0.0"

got@^5.0.0:
  version "5.7.1"
  resolved "https://registry.npmjs.org/got/-/got-5.7.1.tgz#5f81635a61e4a6589f180569ea4e381680a51f35"
  dependencies:
    create-error-class "^3.0.1"
    duplexer2 "^0.1.4"
    is-redirect "^1.0.0"
    is-retry-allowed "^1.0.0"
    is-stream "^1.0.0"
    lowercase-keys "^1.0.0"
    node-status-codes "^1.0.0"
    object-assign "^4.0.1"
    parse-json "^2.1.0"
    pinkie-promise "^2.0.0"
    read-all-stream "^3.0.0"
    readable-stream "^2.0.5"
    timed-out "^3.0.0"
    unzip-response "^1.0.2"
    url-parse-lax "^1.0.0"

graceful-fs@^4.1.11, graceful-fs@^4.1.2:
  version "4.1.11"
  resolved "https://registry.npmjs.org/graceful-fs/-/graceful-fs-4.1.11.tgz#0e8bdfe4d1ddb8854d64e04ea7c00e2a026e5658"

has-ansi@^2.0.0:
  version "2.0.0"
  resolved "https://registry.npmjs.org/has-ansi/-/has-ansi-2.0.0.tgz#34f5049ce1ecdf2b0649af3ef24e45ed35416d91"
  dependencies:
    ansi-regex "^2.0.0"

has@^1.0.1:
  version "1.0.1"
  resolved "https://registry.npmjs.org/has/-/has-1.0.1.tgz#8461733f538b0837c9361e39a9ab9e9704dc2f28"
  dependencies:
    function-bind "^1.0.2"

http-proxy-agent@^1.0.0:
  version "1.0.0"
  resolved "https://registry.npmjs.org/http-proxy-agent/-/http-proxy-agent-1.0.0.tgz#cc1ce38e453bf984a0f7702d2dd59c73d081284a"
  dependencies:
    agent-base "2"
    debug "2"
    extend "3"

https-proxy-agent@^1.0.0:
  version "1.0.0"
  resolved "https://registry.npmjs.org/https-proxy-agent/-/https-proxy-agent-1.0.0.tgz#35f7da6c48ce4ddbfa264891ac593ee5ff8671e6"
  dependencies:
    agent-base "2"
    debug "2"
    extend "3"

imurmurhash@^0.1.4:
  version "0.1.4"
  resolved "https://registry.npmjs.org/imurmurhash/-/imurmurhash-0.1.4.tgz#9218b9b2b928a238b13dc4fb6b6d576f231453ea"

inflight@^1.0.4:
  version "1.0.6"
  resolved "https://registry.npmjs.org/inflight/-/inflight-1.0.6.tgz#49bd6331d7d02d0c09bc910a1075ba8165b56df9"
  dependencies:
    once "^1.3.0"
    wrappy "1"

inherits@2, inherits@^2.0.3, inherits@~2.0.3:
  version "2.0.3"
  resolved "https://registry.npmjs.org/inherits/-/inherits-2.0.3.tgz#633c2c83e3da42a502f52466022480f4208261de"

ini@~1.3.0:
  version "1.3.5"
  resolved "https://registry.npmjs.org/ini/-/ini-1.3.5.tgz#eee25f56db1c9ec6085e0c22778083f596abf927"

invariant@^2.2.0:
  version "2.2.2"
  resolved "https://registry.npmjs.org/invariant/-/invariant-2.2.2.tgz#9e1f56ac0acdb6bf303306f338be3b204ae60360"
  dependencies:
    loose-envify "^1.0.0"

is-absolute@^0.2.3:
  version "0.2.6"
  resolved "https://registry.npmjs.org/is-absolute/-/is-absolute-0.2.6.tgz#20de69f3db942ef2d87b9c2da36f172235b1b5eb"
  dependencies:
    is-relative "^0.2.1"
    is-windows "^0.2.0"

is-arrayish@^0.2.1:
  version "0.2.1"
  resolved "https://registry.npmjs.org/is-arrayish/-/is-arrayish-0.2.1.tgz#77c99840527aa8ecb1a8ba697b80645a7a926a9d"

is-finite@^1.0.0:
  version "1.0.2"
  resolved "https://registry.npmjs.org/is-finite/-/is-finite-1.0.2.tgz#cc6677695602be550ef11e8b4aa6305342b6d0aa"
  dependencies:
    number-is-nan "^1.0.0"

is-fullwidth-code-point@^1.0.0:
  version "1.0.0"
  resolved "https://registry.npmjs.org/is-fullwidth-code-point/-/is-fullwidth-code-point-1.0.0.tgz#ef9e31386f031a7f0d643af82fde50c457ef00cb"
  dependencies:
    number-is-nan "^1.0.0"

is-npm@^1.0.0:
  version "1.0.0"
  resolved "https://registry.npmjs.org/is-npm/-/is-npm-1.0.0.tgz#f2fb63a65e4905b406c86072765a1a4dc793b9f4"

is-obj@^1.0.0:
  version "1.0.1"
  resolved "https://registry.npmjs.org/is-obj/-/is-obj-1.0.1.tgz#3e4729ac1f5fde025cd7d83a896dab9f4f67db0f"

is-plain-obj@^1.0.0:
  version "1.1.0"
  resolved "https://registry.npmjs.org/is-plain-obj/-/is-plain-obj-1.1.0.tgz#71a50c8429dfca773c92a390a4a03b39fcd51d3e"

is-redirect@^1.0.0:
  version "1.0.0"
  resolved "https://registry.npmjs.org/is-redirect/-/is-redirect-1.0.0.tgz#1d03dded53bd8db0f30c26e4f95d36fc7c87dc24"

is-relative@^0.2.1:
  version "0.2.1"
  resolved "https://registry.npmjs.org/is-relative/-/is-relative-0.2.1.tgz#d27f4c7d516d175fb610db84bbeef23c3bc97aa5"
  dependencies:
    is-unc-path "^0.1.1"

is-retry-allowed@^1.0.0:
  version "1.1.0"
  resolved "https://registry.npmjs.org/is-retry-allowed/-/is-retry-allowed-1.1.0.tgz#11a060568b67339444033d0125a61a20d564fb34"

is-stream@^1.0.0:
  version "1.1.0"
  resolved "https://registry.npmjs.org/is-stream/-/is-stream-1.1.0.tgz#12d4a3dd4e68e0b79ceb8dbc84173ae80d91ca44"

is-unc-path@^0.1.1:
  version "0.1.2"
  resolved "https://registry.npmjs.org/is-unc-path/-/is-unc-path-0.1.2.tgz#6ab053a72573c10250ff416a3814c35178af39b9"
  dependencies:
    unc-path-regex "^0.1.0"

is-utf8@^0.2.0:
  version "0.2.1"
  resolved "https://registry.npmjs.org/is-utf8/-/is-utf8-0.2.1.tgz#4b0da1442104d1b336340e80797e865cf39f7d72"

is-windows@^0.2.0:
  version "0.2.0"
  resolved "https://registry.npmjs.org/is-windows/-/is-windows-0.2.0.tgz#de1aa6d63ea29dd248737b69f1ff8b8002d2108c"

isarray@~1.0.0:
  version "1.0.0"
  resolved "https://registry.npmjs.org/isarray/-/isarray-1.0.0.tgz#bb935d48582cba168c06834957a54a3e07124f11"

isobject@^3.0.1:
  version "3.0.1"
  resolved "https://registry.npmjs.org/isobject/-/isobject-3.0.1.tgz#4e431e92b11a9731636aa1f9c8d1ccbcfdab78df"

js-tokens@^3.0.0:
  version "3.0.2"
  resolved "https://registry.npmjs.org/js-tokens/-/js-tokens-3.0.2.tgz#9866df395102130e38f7f996bceb65443209c25b"

latest-version@^2.0.0:
  version "2.0.0"
  resolved "https://registry.npmjs.org/latest-version/-/latest-version-2.0.0.tgz#56f8d6139620847b8017f8f1f4d78e211324168b"
  dependencies:
    package-json "^2.0.0"

lazy-req@^1.1.0:
  version "1.1.0"
  resolved "https://registry.npmjs.org/lazy-req/-/lazy-req-1.1.0.tgz#bdaebead30f8d824039ce0ce149d4daa07ba1fac"

listify@^1.0.0:
  version "1.0.0"
  resolved "https://registry.npmjs.org/listify/-/listify-1.0.0.tgz#03ca7ba2d150d4267773f74e57558d1053d2bee3"

lockfile@^1.0.1:
  version "1.0.3"
  resolved "https://registry.npmjs.org/lockfile/-/lockfile-1.0.3.tgz#2638fc39a0331e9cac1a04b71799931c9c50df79"

loose-envify@^1.0.0:
  version "1.3.1"
  resolved "https://registry.npmjs.org/loose-envify/-/loose-envify-1.3.1.tgz#d1a8ad33fa9ce0e713d65fdd0ac8b748d478c848"
  dependencies:
    js-tokens "^3.0.0"

lowercase-keys@^1.0.0:
  version "1.0.0"
  resolved "https://registry.npmjs.org/lowercase-keys/-/lowercase-keys-1.0.0.tgz#4e3366b39e7f5457e35f1324bdf6f88d0bfc7306"

make-error-cause@^1.2.1:
  version "1.2.2"
  resolved "https://registry.npmjs.org/make-error-cause/-/make-error-cause-1.2.2.tgz#df0388fcd0b37816dff0a5fb8108939777dcbc9d"
  dependencies:
    make-error "^1.2.0"

make-error@^1.2.0:
  version "1.3.3"
  resolved "https://registry.npmjs.org/make-error/-/make-error-1.3.3.tgz#a97ae14ffd98b05f543e83ddc395e1b2b6e4cc6a"

mime-db@~1.30.0:
  version "1.30.0"
  resolved "https://registry.npmjs.org/mime-db/-/mime-db-1.30.0.tgz#74c643da2dd9d6a45399963465b26d5ca7d71f01"

mime-types@^2.1.12:
  version "2.1.17"
  resolved "https://registry.npmjs.org/mime-types/-/mime-types-2.1.17.tgz#09d7a393f03e995a79f8af857b70a9e0ab16557a"
  dependencies:
    mime-db "~1.30.0"

minimatch@^3.0.4:
  version "3.0.4"
  resolved "https://registry.npmjs.org/minimatch/-/minimatch-3.0.4.tgz#5166e286457f03306064be5497e8dbb0c3d32083"
  dependencies:
    brace-expansion "^1.1.7"

minimist@0.0.8:
  version "0.0.8"
  resolved "https://registry.npmjs.org/minimist/-/minimist-0.0.8.tgz#857fcabfc3397d2625b8228262e86aa7a011b05d"

minimist@^1.2.0:
  version "1.2.0"
  resolved "https://registry.npmjs.org/minimist/-/minimist-1.2.0.tgz#a35008b20f41383eec1fb914f4cd5df79a264284"

mkdirp@^0.5.0, mkdirp@^0.5.1:
  version "0.5.1"
  resolved "https://registry.npmjs.org/mkdirp/-/mkdirp-0.5.1.tgz#30057438eac6cf7f8c4767f38648d6697d75c903"
  dependencies:
    minimist "0.0.8"

ms@2.0.0:
  version "2.0.0"
  resolved "https://registry.npmjs.org/ms/-/ms-2.0.0.tgz#5608aeadfc00be6c2901df5f9861788de0d597c8"

node-status-codes@^1.0.0:
  version "1.0.0"
  resolved "https://registry.npmjs.org/node-status-codes/-/node-status-codes-1.0.0.tgz#5ae5541d024645d32a58fcddc9ceecea7ae3ac2f"

nopt@~1.0.10:
  version "1.0.10"
  resolved "https://registry.npmjs.org/nopt/-/nopt-1.0.10.tgz#6ddd21bd2a31417b92727dd585f8a6f37608ebee"
  dependencies:
    abbrev "1"

number-is-nan@^1.0.0:
  version "1.0.1"
  resolved "https://registry.npmjs.org/number-is-nan/-/number-is-nan-1.0.1.tgz#097b602b53422a522c1afb8790318336941a011d"

object-assign@^4.0.1:
  version "4.1.1"
  resolved "https://registry.npmjs.org/object-assign/-/object-assign-4.1.1.tgz#2109adc7965887cfc05cbbd442cac8bfbb360863"

object.pick@^1.1.1:
  version "1.3.0"
  resolved "https://registry.npmjs.org/object.pick/-/object.pick-1.3.0.tgz#87a10ac4c1694bd2e1cbf53591a66141fb5dd747"
  dependencies:
    isobject "^3.0.1"

once@^1.3.0:
  version "1.4.0"
  resolved "https://registry.npmjs.org/once/-/once-1.4.0.tgz#583b1aa775961d4b113ac17d9c50baef9dd76bd1"
  dependencies:
    wrappy "1"

os-homedir@^1.0.0:
  version "1.0.2"
  resolved "https://registry.npmjs.org/os-homedir/-/os-homedir-1.0.2.tgz#ffbc4988336e0e833de0c168c7ef152121aa7fb3"

os-tmpdir@^1.0.0:
  version "1.0.2"
  resolved "https://registry.npmjs.org/os-tmpdir/-/os-tmpdir-1.0.2.tgz#bbe67406c79aa85c5cfec766fe5734555dfa1274"

osenv@^0.1.0:
  version "0.1.4"
  resolved "https://registry.npmjs.org/osenv/-/osenv-0.1.4.tgz#42fe6d5953df06c8064be6f176c3d05aaaa34644"
  dependencies:
    os-homedir "^1.0.0"
    os-tmpdir "^1.0.0"

package-json@^2.0.0:
  version "2.4.0"
  resolved "https://registry.npmjs.org/package-json/-/package-json-2.4.0.tgz#0d15bd67d1cbbddbb2ca222ff2edb86bcb31a8bb"
  dependencies:
    got "^5.0.0"
    registry-auth-token "^3.0.1"
    registry-url "^3.0.3"
    semver "^5.1.0"

parse-json@^2.1.0, parse-json@^2.2.0:
  version "2.2.0"
  resolved "https://registry.npmjs.org/parse-json/-/parse-json-2.2.0.tgz#f480f40434ef80741f8469099f8dea18f55a4dc9"
  dependencies:
    error-ex "^1.2.0"

path-is-absolute@^1.0.0:
  version "1.0.1"
  resolved "https://registry.npmjs.org/path-is-absolute/-/path-is-absolute-1.0.1.tgz#174b9268735534ffbc7ace6bf53a5a9e1b5c5f5f"

pinkie-promise@^2.0.0:
  version "2.0.1"
  resolved "https://registry.npmjs.org/pinkie-promise/-/pinkie-promise-2.0.1.tgz#2135d6dfa7a358c069ac9b178776288228450ffa"
  dependencies:
    pinkie "^2.0.0"

pinkie@^2.0.0:
  version "2.0.4"
  resolved "https://registry.npmjs.org/pinkie/-/pinkie-2.0.4.tgz#72556b80cfa0d48a974e80e77248e80ed4f7f870"

popsicle-proxy-agent@^3.0.0:
  version "3.0.0"
  resolved "https://registry.npmjs.org/popsicle-proxy-agent/-/popsicle-proxy-agent-3.0.0.tgz#b9133c55d945759ab7ee61b7711364620d3aeadc"
  dependencies:
    http-proxy-agent "^1.0.0"
    https-proxy-agent "^1.0.0"

popsicle-retry@^3.2.0:
  version "3.2.1"
  resolved "https://registry.npmjs.org/popsicle-retry/-/popsicle-retry-3.2.1.tgz#e06e866533b42a7a123eb330cbe63a7cebcba10c"
  dependencies:
    any-promise "^1.1.0"
    xtend "^4.0.1"

popsicle-rewrite@^1.0.0:
  version "1.0.0"
  resolved "https://registry.npmjs.org/popsicle-rewrite/-/popsicle-rewrite-1.0.0.tgz#1dd4e8ea9c3182351fb820f87934d992f7fb9007"

popsicle-status@^2.0.0:
  version "2.0.1"
  resolved "https://registry.npmjs.org/popsicle-status/-/popsicle-status-2.0.1.tgz#8dd70c4fe7c694109add784ffe80eacac1e7b28d"

popsicle@^8.0.2:
  version "8.2.0"
  resolved "https://registry.npmjs.org/popsicle/-/popsicle-8.2.0.tgz#ff4401005cab43a9418a91410611c00197712d21"
  dependencies:
    any-promise "^1.3.0"
    arrify "^1.0.0"
    concat-stream "^1.4.7"
    form-data "^2.0.0"
    make-error-cause "^1.2.1"
    throwback "^1.1.0"
    tough-cookie "^2.0.0"
    xtend "^4.0.0"

prepend-http@^1.0.1:
  version "1.0.4"
  resolved "https://registry.npmjs.org/prepend-http/-/prepend-http-1.0.4.tgz#d4f4562b0ce3696e41ac52d0e002e57a635dc6dc"

process-nextick-args@~1.0.6:
  version "1.0.7"
  resolved "https://registry.npmjs.org/process-nextick-args/-/process-nextick-args-1.0.7.tgz#150e20b756590ad3f91093f25a4f2ad8bff30ba3"

promise-finally@^2.0.1:
  version "2.2.1"
  resolved "https://registry.npmjs.org/promise-finally/-/promise-finally-2.2.1.tgz#22616c4ba902916e988bd46c54d7caa08910cd77"
  dependencies:
    any-promise "^1.3.0"

punycode@^1.4.1:
  version "1.4.1"
  resolved "https://registry.npmjs.org/punycode/-/punycode-1.4.1.tgz#c0d5a63b2718800ad8e1eb0fa5269c84dd41845e"

rc@^1.0.1, rc@^1.1.5, rc@^1.1.6:
  version "1.2.5"
  resolved "https://registry.npmjs.org/rc/-/rc-1.2.5.tgz#275cd687f6e3b36cc756baa26dfee80a790301fd"
  dependencies:
    deep-extend "~0.4.0"
    ini "~1.3.0"
    minimist "^1.2.0"
    strip-json-comments "~2.0.1"

read-all-stream@^3.0.0:
  version "3.1.0"
  resolved "https://registry.npmjs.org/read-all-stream/-/read-all-stream-3.1.0.tgz#35c3e177f2078ef789ee4bfafa4373074eaef4fa"
  dependencies:
    pinkie-promise "^2.0.0"
    readable-stream "^2.0.0"

readable-stream@^2.0.0, readable-stream@^2.0.2, readable-stream@^2.0.5, readable-stream@^2.2.2:
  version "2.3.3"
  resolved "https://registry.npmjs.org/readable-stream/-/readable-stream-2.3.3.tgz#368f2512d79f9d46fdfc71349ae7878bbc1eb95c"
  dependencies:
    core-util-is "~1.0.0"
    inherits "~2.0.3"
    isarray "~1.0.0"
    process-nextick-args "~1.0.6"
    safe-buffer "~5.1.1"
    string_decoder "~1.0.3"
    util-deprecate "~1.0.1"

reflect-metadata@0.1.3:
  version "0.1.3"
  resolved "https://registry.npmjs.org/reflect-metadata/-/reflect-metadata-0.1.3.tgz#64f8a41974e4f5a5aa9978dac54cfd442dc2f1d5"

registry-auth-token@^3.0.1:
  version "3.3.2"
  resolved "https://registry.npmjs.org/registry-auth-token/-/registry-auth-token-3.3.2.tgz#851fd49038eecb586911115af845260eec983f20"
  dependencies:
    rc "^1.1.6"
    safe-buffer "^5.0.1"

registry-url@^3.0.3:
  version "3.1.0"
  resolved "https://registry.npmjs.org/registry-url/-/registry-url-3.1.0.tgz#3d4ef870f73dde1d77f0cf9a381432444e174942"
  dependencies:
    rc "^1.0.1"

repeating@^2.0.0:
  version "2.0.1"
  resolved "https://registry.npmjs.org/repeating/-/repeating-2.0.1.tgz#5214c53a926d3552707527fbab415dbc08d06dda"
  dependencies:
    is-finite "^1.0.0"

rimraf@^2.4.4:
  version "2.6.2"
  resolved "https://registry.npmjs.org/rimraf/-/rimraf-2.6.2.tgz#2ed8150d24a16ea8651e6d6ef0f47c4158ce7a36"
  dependencies:
    glob "^7.0.5"

rxjs@5.0.0-beta.12:
  version "5.0.0-beta.12"
  resolved "https://registry.npmjs.org/rxjs/-/rxjs-5.0.0-beta.12.tgz#cdfde2d8c4639d20ae7794bff8fddf32da7ad337"
  dependencies:
    symbol-observable "^1.0.1"

safe-buffer@^5.0.1, safe-buffer@~5.1.0, safe-buffer@~5.1.1:
  version "5.1.1"
  resolved "https://registry.npmjs.org/safe-buffer/-/safe-buffer-5.1.1.tgz#893312af69b2123def71f57889001671eeb2c853"

semver-diff@^2.0.0:
  version "2.1.0"
  resolved "https://registry.npmjs.org/semver-diff/-/semver-diff-2.1.0.tgz#4bbb8437c8d37e4b0cf1a68fd726ec6d645d6d36"
  dependencies:
    semver "^5.0.3"

semver@^5.0.3, semver@^5.1.0:
  version "5.5.0"
  resolved "https://registry.npmjs.org/semver/-/semver-5.5.0.tgz#dc4bbc7a6ca9d916dee5d43516f0092b58f7b8ab"

semver@~5.0.1:
  version "5.0.3"
  resolved "https://registry.npmjs.org/semver/-/semver-5.0.3.tgz#77466de589cd5d3c95f138aa78bc569a3cb5d27a"

slide@^1.1.5:
  version "1.1.6"
  resolved "https://registry.npmjs.org/slide/-/slide-1.1.6.tgz#56eb027d65b4d2dce6cb2e2d32c4d4afc9e1d707"

sort-keys@^1.0.0:
  version "1.1.2"
  resolved "https://registry.npmjs.org/sort-keys/-/sort-keys-1.1.2.tgz#441b6d4d346798f1b4e49e8920adfba0e543f9ad"
  dependencies:
    is-plain-obj "^1.0.0"

string-template@^1.0.0:
  version "1.0.0"
  resolved "https://registry.npmjs.org/string-template/-/string-template-1.0.0.tgz#9e9f2233dc00f218718ec379a28a5673ecca8b96"

string-width@^1.0.1:
  version "1.0.2"
  resolved "https://registry.npmjs.org/string-width/-/string-width-1.0.2.tgz#118bdf5b8cdc51a2a7e70d211e07e2b0b9b107d3"
  dependencies:
    code-point-at "^1.0.0"
    is-fullwidth-code-point "^1.0.0"
    strip-ansi "^3.0.0"

string_decoder@~1.0.3:
  version "1.0.3"
  resolved "https://registry.npmjs.org/string_decoder/-/string_decoder-1.0.3.tgz#0fc67d7c141825de94282dd536bec6b9bce860ab"
  dependencies:
    safe-buffer "~5.1.0"

strip-ansi@^3.0.0:
  version "3.0.1"
  resolved "https://registry.npmjs.org/strip-ansi/-/strip-ansi-3.0.1.tgz#6a385fb8853d952d5ff05d0e8aaf94278dc63dcf"
  dependencies:
    ansi-regex "^2.0.0"

strip-bom@^2.0.0:
  version "2.0.0"
  resolved "https://registry.npmjs.org/strip-bom/-/strip-bom-2.0.0.tgz#6219a85616520491f35788bdbf1447a99c7e6b0e"
  dependencies:
    is-utf8 "^0.2.0"

strip-json-comments@~2.0.1:
  version "2.0.1"
  resolved "https://registry.npmjs.org/strip-json-comments/-/strip-json-comments-2.0.1.tgz#3c531942e908c2697c0ec344858c286c7ca0a60a"

supports-color@^2.0.0:
  version "2.0.0"
  resolved "https://registry.npmjs.org/supports-color/-/supports-color-2.0.0.tgz#535d045ce6b6363fa40117084629995e9df324c7"

symbol-observable@^1.0.1:
  version "1.2.0"
  resolved "https://registry.npmjs.org/symbol-observable/-/symbol-observable-1.2.0.tgz#c22688aed4eab3cdc2dfeacbb561660560a00804"

systemjs@0.19.27:
  version "0.19.27"
  resolved "https://registry.npmjs.org/systemjs/-/systemjs-0.19.27.tgz#f1740d565ce64371ac0de7072a4d1e5471ba7ba2"
  dependencies:
    when "^3.7.5"

thenify@^3.1.0:
  version "3.3.0"
  resolved "https://registry.npmjs.org/thenify/-/thenify-3.3.0.tgz#e69e38a1babe969b0108207978b9f62b88604839"
  dependencies:
    any-promise "^1.0.0"

throat@^3.0.0:
  version "3.2.0"
  resolved "https://registry.npmjs.org/throat/-/throat-3.2.0.tgz#50cb0670edbc40237b9e347d7e1f88e4620af836"

throwback@^1.1.0:
  version "1.1.1"
  resolved "https://registry.npmjs.org/throwback/-/throwback-1.1.1.tgz#f007e7c17604a6d16d7a07c41aa0e8fedc6184a4"
  dependencies:
    any-promise "^1.3.0"

timed-out@^3.0.0:
  version "3.1.3"
  resolved "https://registry.npmjs.org/timed-out/-/timed-out-3.1.3.tgz#95860bfcc5c76c277f8f8326fd0f5b2e20eba217"

touch@^1.0.0:
  version "1.0.0"
  resolved "https://registry.npmjs.org/touch/-/touch-1.0.0.tgz#449cbe2dbae5a8c8038e30d71fa0ff464947c4de"
  dependencies:
    nopt "~1.0.10"

tough-cookie@^2.0.0:
  version "2.3.3"
  resolved "https://registry.npmjs.org/tough-cookie/-/tough-cookie-2.3.3.tgz#0b618a5565b6dea90bf3425d04d55edc475a7561"
  dependencies:
    punycode "^1.4.1"

typedarray@^0.0.6:
  version "0.0.6"
  resolved "https://registry.npmjs.org/typedarray/-/typedarray-0.0.6.tgz#867ac74e3864187b1d3d47d996a78ec5c8830777"

typescript@2.0.2:
  version "2.0.2"
  resolved "https://registry.npmjs.org/typescript/-/typescript-2.0.2.tgz#a63f848074498a4dfa7f293afda0835d501d9540"

typescript@^2.0.3:
  version "2.7.1"
  resolved "https://registry.npmjs.org/typescript/-/typescript-2.7.1.tgz#bb3682c2c791ac90e7c6210b26478a8da085c359"

typings-core@^1.4.0:
  version "1.6.1"
  resolved "https://registry.npmjs.org/typings-core/-/typings-core-1.6.1.tgz#ce4b2931ea2f19bb8f3dacbec69983ac4e964a37"
  dependencies:
    any-promise "^1.3.0"
    array-uniq "^1.0.2"
    configstore "^2.0.0"
    debug "^2.2.0"
    detect-indent "^4.0.0"
    graceful-fs "^4.1.2"
    has "^1.0.1"
    invariant "^2.2.0"
    is-absolute "^0.2.3"
    listify "^1.0.0"
    lockfile "^1.0.1"
    make-error-cause "^1.2.1"
    mkdirp "^0.5.1"
    object.pick "^1.1.1"
    parse-json "^2.2.0"
    popsicle "^8.0.2"
    popsicle-proxy-agent "^3.0.0"
    popsicle-retry "^3.2.0"
    popsicle-rewrite "^1.0.0"
    popsicle-status "^2.0.0"
    promise-finally "^2.0.1"
    rc "^1.1.5"
    rimraf "^2.4.4"
    sort-keys "^1.0.0"
    string-template "^1.0.0"
    strip-bom "^2.0.0"
    thenify "^3.1.0"
    throat "^3.0.0"
    touch "^1.0.0"
    typescript "^2.0.3"
    xtend "^4.0.0"
    zip-object "^0.1.0"

typings@1.3.2:
  version "1.3.2"
  resolved "https://registry.npmjs.org/typings/-/typings-1.3.2.tgz#4b29a67eddb5d650f8dc4fba2f3da91336a7be0d"
  dependencies:
    any-promise "^1.0.0"
    archy "^1.0.0"
    bluebird "^3.1.1"
    chalk "^1.0.0"
    columnify "^1.5.2"
    listify "^1.0.0"
    minimist "^1.2.0"
    typings-core "^1.4.0"
    update-notifier "^1.0.0"
    wordwrap "^1.0.0"
    xtend "^4.0.1"

unc-path-regex@^0.1.0:
  version "0.1.2"
  resolved "https://registry.npmjs.org/unc-path-regex/-/unc-path-regex-0.1.2.tgz#e73dd3d7b0d7c5ed86fbac6b0ae7d8c6a69d50fa"

unzip-response@^1.0.2:
  version "1.0.2"
  resolved "https://registry.npmjs.org/unzip-response/-/unzip-response-1.0.2.tgz#b984f0877fc0a89c2c773cc1ef7b5b232b5b06fe"

update-notifier@^1.0.0:
  version "1.0.3"
  resolved "https://registry.npmjs.org/update-notifier/-/update-notifier-1.0.3.tgz#8f92c515482bd6831b7c93013e70f87552c7cf5a"
  dependencies:
    boxen "^0.6.0"
    chalk "^1.0.0"
    configstore "^2.0.0"
    is-npm "^1.0.0"
    latest-version "^2.0.0"
    lazy-req "^1.1.0"
    semver-diff "^2.0.0"
    xdg-basedir "^2.0.0"

url-parse-lax@^1.0.0:
  version "1.0.0"
  resolved "https://registry.npmjs.org/url-parse-lax/-/url-parse-lax-1.0.0.tgz#7af8f303645e9bd79a272e7a14ac68bc0609da73"
  dependencies:
    prepend-http "^1.0.1"

util-deprecate@~1.0.1:
  version "1.0.2"
  resolved "https://registry.npmjs.org/util-deprecate/-/util-deprecate-1.0.2.tgz#450d4dc9fa70de732762fbd2d4a28981419a0ccf"

uuid@^2.0.1:
  version "2.0.3"
  resolved "https://registry.npmjs.org/uuid/-/uuid-2.0.3.tgz#67e2e863797215530dff318e5bf9dcebfd47b21a"

wcwidth@^1.0.0:
  version "1.0.1"
  resolved "https://registry.npmjs.org/wcwidth/-/wcwidth-1.0.1.tgz#f0b0dcf915bc5ff1528afadb2c0e17b532da2fe8"
  dependencies:
    defaults "^1.0.3"

when@^3.7.5:
  version "3.7.8"
  resolved "https://registry.npmjs.org/when/-/when-3.7.8.tgz#c7130b6a7ea04693e842cdc9e7a1f2aa39a39f82"

widest-line@^1.0.0:
  version "1.0.0"
  resolved "https://registry.npmjs.org/widest-line/-/widest-line-1.0.0.tgz#0c09c85c2a94683d0d7eaf8ee097d564bf0e105c"
  dependencies:
    string-width "^1.0.1"

wordwrap@^1.0.0:
  version "1.0.0"
  resolved "https://registry.npmjs.org/wordwrap/-/wordwrap-1.0.0.tgz#27584810891456a4171c8d0226441ade90cbcaeb"

wrappy@1:
  version "1.0.2"
  resolved "https://registry.npmjs.org/wrappy/-/wrappy-1.0.2.tgz#b5243d8f3ec1aa35f1364605bc0d1036e30ab69f"

write-file-atomic@^1.1.2:
  version "1.3.4"
  resolved "https://registry.npmjs.org/write-file-atomic/-/write-file-atomic-1.3.4.tgz#f807a4f0b1d9e913ae7a48112e6cc3af1991b45f"
  dependencies:
    graceful-fs "^4.1.11"
    imurmurhash "^0.1.4"
    slide "^1.1.5"

xdg-basedir@^2.0.0:
  version "2.0.0"
  resolved "https://registry.npmjs.org/xdg-basedir/-/xdg-basedir-2.0.0.tgz#edbc903cc385fc04523d966a335504b5504d1bd2"
  dependencies:
    os-homedir "^1.0.0"

xtend@^4.0.0, xtend@^4.0.1:
  version "4.0.1"
  resolved "https://registry.npmjs.org/xtend/-/xtend-4.0.1.tgz#a5c6d532be656e23db820efb943a1f04998d63af"

zip-object@^0.1.0:
  version "0.1.0"
  resolved "https://registry.npmjs.org/zip-object/-/zip-object-0.1.0.tgz#c1a0da04c88c837756e248680a03ff902ec3f53a"

zone.js@0.6.23:
  version "0.6.23"
  resolved "https://registry.npmjs.org/zone.js/-/zone.js-0.6.23.tgz#78fff1e27425e5f82fb875c8da435681850b7018"
